version = 1
revision = 1
requires-python = ">=3.13"

[[package]]
name = "agent-mem"
version = "0.1.0"
source = { editable = "." }
dependencies = [
    { name = "gel" },
]

[package.metadata]
requires-dist = [{ name = "gel", specifier = ">=3.0.1" }]

[[package]]
name = "certifi"
version = "2025.1.31"
source = { registry = "https://pypi.org/simple" }
sdist = { url = "https://files.pythonhosted.org/packages/1c/ab/c9f1e32b7b1bf505bf26f0ef697775960db7932abeb7b516de930ba2705f/certifi-2025.1.31.tar.gz", hash = "sha256:3d5da6925056f6f18f119200434a4780a94263f10d1c21d032a6f6b2baa20651", size = 167577 }
wheels = [
    { url = "https://files.pythonhosted.org/packages/38/fc/bce832fd4fd99766c04d1ee0eead6b0ec6486fb100ae5e74c1d91292b982/certifi-2025.1.31-py3-none-any.whl", hash = "sha256:ca78db4565a652026a4db2bcdf68f2fb589ea80d0be70e03929ed730746b84fe", size = 166393 },
]

[[package]]
name = "gel"
version = "3.0.1"
source = { registry = "https://pypi.org/simple" }
dependencies = [
    { name = "certifi", marker = "sys_platform == 'win32'" },
]
sdist = { url = "https://files.pythonhosted.org/packages/8d/70/fc0742a98ffb6b3af50d4a3de6cad8a5e62b0b6d7e6c1dc96f5ea1db8e5f/gel-3.0.1.tar.gz", hash = "sha256:3f97aced58040f51b3c766e4065745f3bfa435aed5c9db2e30908701b64244b7", size = 1316312 }
wheels = [
    { url = "https://files.pythonhosted.org/packages/02/22/429598c9f9c200eeeadaa710b5aff574d8d13f207626dad1a16b1587146e/gel-3.0.1-cp313-cp313-macosx_10_13_x86_64.whl", hash = "sha256:cad334a1ad20c4d0d2a1340e2d874584106d80eb73029d0d3b89a5f694d826c2", size = 2121997 },
    { url = "https://files.pythonhosted.org/packages/6d/07/db639cc6f2e2e8adefe3393159f2a3a36f5ccb1d9ccb9706092f19fd4c29/gel-3.0.1-cp313-cp313-macosx_11_0_arm64.whl", hash = "sha256:551577592c16a69954ebc7635a491b832831c5960ed69ceef55cf6c444e219c6", size = 2078536 },
    { url = "https://files.pythonhosted.org/packages/29/eb/6cd222e99781a5e7cd52c9505c7bcb4dab490f2349058a5bc4a6322bbfb7/gel-3.0.1-cp313-cp313-manylinux_2_17_aarch64.manylinux2014_aarch64.whl", hash = "sha256:7573ff7ad692776b73067df9d0a95baf13e15f970d2689695a73b2f65342fc5c", size = 5780338 },
    { url = "https://files.pythonhosted.org/packages/f9/7f/aab1b4c1edb0e1204a874f94a6ad47285e663bfe0067c6ec94acc708c914/gel-3.0.1-cp313-cp313-manylinux_2_17_x86_64.manylinux2014_x86_64.whl", hash = "sha256:2a5118a29773ad85ad288347463fc303b6dbefaaf48ca90f6f7e26c5bfff8c01", size = 5886642 },
    { url = "https://files.pythonhosted.org/packages/14/59/e9d56be3a6a373ec6c27159b87da02ef90efdf9824d20936eef0acdc027d/gel-3.0.1-cp313-cp313-win_amd64.whl", hash = "sha256:201259baf231a4d9610dd2fdb558ed7f35a6b9d9afe467f3628d93498504b8f2", size = 2048479 },
]
